// !$*UTF8*$!
{
	archiveVersion = 1;
	classes = {
	};
	objectVersion = 46;
	objects = {

/* Begin PBXBuildFile section */
		0174ABA21C0FC5D900FA0352 /* YTVimeoURLParser.m in Sources */ = {isa = PBXBuildFile; fileRef = 0174ABA11C0FC5D900FA0352 /* YTVimeoURLParser.m */; };
		0174ABA31C0FC5D900FA0352 /* YTVimeoURLParser.m in Sources */ = {isa = PBXBuildFile; fileRef = 0174ABA11C0FC5D900FA0352 /* YTVimeoURLParser.m */; };
		0174ABA51C0FDEDE00FA0352 /* YTVimeoURLParserTestCase.m in Sources */ = {isa = PBXBuildFile; fileRef = 0174ABA41C0FDEDE00FA0352 /* YTVimeoURLParserTestCase.m */; };
		018241B91C0A704A00629CE3 /* YTVimeoExtractorOperation.m in Sources */ = {isa = PBXBuildFile; fileRef = 018241B81C0A704A00629CE3 /* YTVimeoExtractorOperation.m */; };
		018241BA1C0A704A00629CE3 /* YTVimeoExtractorOperation.m in Sources */ = {isa = PBXBuildFile; fileRef = 018241B81C0A704A00629CE3 /* YTVimeoExtractorOperation.m */; };
		018241BD1C0A720400629CE3 /* YTVimeoClient.m in Sources */ = {isa = PBXBuildFile; fileRef = 018241BC1C0A720400629CE3 /* YTVimeoClient.m */; };
		018241BE1C0A720400629CE3 /* YTVimeoClient.m in Sources */ = {isa = PBXBuildFile; fileRef = 018241BC1C0A720400629CE3 /* YTVimeoClient.m */; };
		018241C11C0A72B100629CE3 /* YTVimeoVideo.m in Sources */ = {isa = PBXBuildFile; fileRef = 018241C01C0A72B100629CE3 /* YTVimeoVideo.m */; };
		018241C21C0A72B100629CE3 /* YTVimeoVideo.m in Sources */ = {isa = PBXBuildFile; fileRef = 018241C01C0A72B100629CE3 /* YTVimeoVideo.m */; };
		0190F0641C0F3B2E001523B7 /* testdata.json in Resources */ = {isa = PBXBuildFile; fileRef = 0190F0631C0F3B2E001523B7 /* testdata.json */; };
		0190F0661C0F3E1F001523B7 /* testdata.plist in Resources */ = {isa = PBXBuildFile; fileRef = 0190F0651C0F3E1F001523B7 /* testdata.plist */; };
		01E559771C0F1E30001F314E /* MacSampleTests.m in Sources */ = {isa = PBXBuildFile; fileRef = 01E559761C0F1E30001F314E /* MacSampleTests.m */; };
		01E5597F1C0F1FDD001F314E /* YTVimeoVideoTestCase.m in Sources */ = {isa = PBXBuildFile; fileRef = 01E5597E1C0F1FDB001F314E /* YTVimeoVideoTestCase.m */; };
		BF396C241A3E0C6400E47BD8 /* AppDelegate.m in Sources */ = {isa = PBXBuildFile; fileRef = BF396C231A3E0C6400E47BD8 /* AppDelegate.m */; };
		BF396C261A3E0C6400E47BD8 /* main.m in Sources */ = {isa = PBXBuildFile; fileRef = BF396C251A3E0C6400E47BD8 /* main.m */; };
		BF396C281A3E0C6400E47BD8 /* Images.xcassets in Resources */ = {isa = PBXBuildFile; fileRef = BF396C271A3E0C6400E47BD8 /* Images.xcassets */; };
		BF396C2B1A3E0C6400E47BD8 /* MainMenu.xib in Resources */ = {isa = PBXBuildFile; fileRef = BF396C291A3E0C6400E47BD8 /* MainMenu.xib */; };
		BF396C401A3E104100E47BD8 /* AVFoundation.framework in Frameworks */ = {isa = PBXBuildFile; fileRef = BF396C3E1A3E104100E47BD8 /* AVFoundation.framework */; };
		BF396C411A3E104100E47BD8 /* AVKit.framework in Frameworks */ = {isa = PBXBuildFile; fileRef = BF396C3F1A3E104100E47BD8 /* AVKit.framework */; };
		BF396C471A3E180400E47BD8 /* CoreMedia.framework in Frameworks */ = {isa = PBXBuildFile; fileRef = BF396C461A3E180400E47BD8 /* CoreMedia.framework */; };
		BF396C481A3E194B00E47BD8 /* YTVimeoExtractor.m in Sources */ = {isa = PBXBuildFile; fileRef = BF7E5C3116D2B5EF00712F0D /* YTVimeoExtractor.m */; };
		BF396C511A3E1CA700E47BD8 /* MainWindowController.m in Sources */ = {isa = PBXBuildFile; fileRef = BF396C4F1A3E1CA700E47BD8 /* MainWindowController.m */; };
		BF396C521A3E1CA700E47BD8 /* MainWindow.xib in Resources */ = {isa = PBXBuildFile; fileRef = BF396C501A3E1CA700E47BD8 /* MainWindow.xib */; };
		BF7E5C0716D26B8300712F0D /* UIKit.framework in Frameworks */ = {isa = PBXBuildFile; fileRef = BF7E5C0616D26B8300712F0D /* UIKit.framework */; };
		BF7E5C0916D26B8300712F0D /* Foundation.framework in Frameworks */ = {isa = PBXBuildFile; fileRef = BF7E5C0816D26B8300712F0D /* Foundation.framework */; };
		BF7E5C0B16D26B8300712F0D /* CoreGraphics.framework in Frameworks */ = {isa = PBXBuildFile; fileRef = BF7E5C0A16D26B8300712F0D /* CoreGraphics.framework */; };
		BF7E5C1116D26B8300712F0D /* InfoPlist.strings in Resources */ = {isa = PBXBuildFile; fileRef = BF7E5C0F16D26B8300712F0D /* InfoPlist.strings */; };
		BF7E5C1316D26B8300712F0D /* main.m in Sources */ = {isa = PBXBuildFile; fileRef = BF7E5C1216D26B8300712F0D /* main.m */; };
		BF7E5C1716D26B8300712F0D /* AppDelegate.m in Sources */ = {isa = PBXBuildFile; fileRef = BF7E5C1616D26B8300712F0D /* AppDelegate.m */; };
		BF7E5C1916D26B8300712F0D /* Default.png in Resources */ = {isa = PBXBuildFile; fileRef = BF7E5C1816D26B8300712F0D /* Default.png */; };
		BF7E5C1B16D26B8300712F0D /* Default@2x.png in Resources */ = {isa = PBXBuildFile; fileRef = BF7E5C1A16D26B8300712F0D /* Default@2x.png */; };
		BF7E5C1D16D26B8300712F0D /* Default-568h@2x.png in Resources */ = {isa = PBXBuildFile; fileRef = BF7E5C1C16D26B8300712F0D /* Default-568h@2x.png */; };
		BF7E5C2016D26B8300712F0D /* MainStoryboard_iPhone.storyboard in Resources */ = {isa = PBXBuildFile; fileRef = BF7E5C1E16D26B8300712F0D /* MainStoryboard_iPhone.storyboard */; };
		BF7E5C2316D26B8300712F0D /* MainStoryboard_iPad.storyboard in Resources */ = {isa = PBXBuildFile; fileRef = BF7E5C2116D26B8300712F0D /* MainStoryboard_iPad.storyboard */; };
		BF7E5C2616D26B8300712F0D /* ViewController.m in Sources */ = {isa = PBXBuildFile; fileRef = BF7E5C2516D26B8300712F0D /* ViewController.m */; };
		BF7E5C3216D2B5EF00712F0D /* YTVimeoExtractor.m in Sources */ = {isa = PBXBuildFile; fileRef = BF7E5C3116D2B5EF00712F0D /* YTVimeoExtractor.m */; };
		BFA9544916D2D004000BB6D1 /* MediaPlayer.framework in Frameworks */ = {isa = PBXBuildFile; fileRef = BFA9544816D2D004000BB6D1 /* MediaPlayer.framework */; };
/* End PBXBuildFile section */

/* Begin PBXContainerItemProxy section */
		01E559791C0F1E30001F314E /* PBXContainerItemProxy */ = {
			isa = PBXContainerItemProxy;
			containerPortal = BF7E5BFB16D26B8300712F0D /* Project object */;
			proxyType = 1;
			remoteGlobalIDString = BF396C1D1A3E0C6400E47BD8;
			remoteInfo = MacSample;
		};
/* End PBXContainerItemProxy section */

/* Begin PBXFileReference section */
		0174ABA01C0FC5D900FA0352 /* YTVimeoURLParser.h */ = {isa = PBXFileReference; fileEncoding = 4; lastKnownFileType = sourcecode.c.h; path = YTVimeoURLParser.h; sourceTree = "<group>"; };
		0174ABA11C0FC5D900FA0352 /* YTVimeoURLParser.m */ = {isa = PBXFileReference; fileEncoding = 4; lastKnownFileType = sourcecode.c.objc; path = YTVimeoURLParser.m; sourceTree = "<group>"; };
		0174ABA41C0FDEDE00FA0352 /* YTVimeoURLParserTestCase.m */ = {isa = PBXFileReference; fileEncoding = 4; lastKnownFileType = sourcecode.c.objc; path = YTVimeoURLParserTestCase.m; sourceTree = "<group>"; };
		018241B71C0A704A00629CE3 /* YTVimeoExtractorOperation.h */ = {isa = PBXFileReference; fileEncoding = 4; lastKnownFileType = sourcecode.c.h; path = YTVimeoExtractorOperation.h; sourceTree = "<group>"; };
		018241B81C0A704A00629CE3 /* YTVimeoExtractorOperation.m */ = {isa = PBXFileReference; fileEncoding = 4; lastKnownFileType = sourcecode.c.objc; path = YTVimeoExtractorOperation.m; sourceTree = "<group>"; };
		018241BB1C0A720400629CE3 /* YTVimeoClient.h */ = {isa = PBXFileReference; fileEncoding = 4; lastKnownFileType = sourcecode.c.h; path = YTVimeoClient.h; sourceTree = "<group>"; };
		018241BC1C0A720400629CE3 /* YTVimeoClient.m */ = {isa = PBXFileReference; fileEncoding = 4; lastKnownFileType = sourcecode.c.objc; path = YTVimeoClient.m; sourceTree = "<group>"; };
		018241BF1C0A72B100629CE3 /* YTVimeoVideo.h */ = {isa = PBXFileReference; fileEncoding = 4; lastKnownFileType = sourcecode.c.h; path = YTVimeoVideo.h; sourceTree = "<group>"; };
		018241C01C0A72B100629CE3 /* YTVimeoVideo.m */ = {isa = PBXFileReference; fileEncoding = 4; lastKnownFileType = sourcecode.c.objc; path = YTVimeoVideo.m; sourceTree = "<group>"; };
		018241C31C0A73F000629CE3 /* YTVimeoError.h */ = {isa = PBXFileReference; fileEncoding = 4; lastKnownFileType = sourcecode.c.h; path = YTVimeoError.h; sourceTree = "<group>"; };
		0190F0631C0F3B2E001523B7 /* testdata.json */ = {isa = PBXFileReference; fileEncoding = 4; lastKnownFileType = text.json; path = testdata.json; sourceTree = "<group>"; };
		0190F0651C0F3E1F001523B7 /* testdata.plist */ = {isa = PBXFileReference; lastKnownFileType = file.bplist; path = testdata.plist; sourceTree = "<group>"; };
		01E559741C0F1E30001F314E /* MacSampleTests.xctest */ = {isa = PBXFileReference; explicitFileType = wrapper.cfbundle; includeInIndex = 0; path = MacSampleTests.xctest; sourceTree = BUILT_PRODUCTS_DIR; };
		01E559761C0F1E30001F314E /* MacSampleTests.m */ = {isa = PBXFileReference; lastKnownFileType = sourcecode.c.objc; path = MacSampleTests.m; sourceTree = "<group>"; };
		01E559781C0F1E30001F314E /* Info.plist */ = {isa = PBXFileReference; lastKnownFileType = text.plist.xml; path = Info.plist; sourceTree = "<group>"; };
		01E5597E1C0F1FDB001F314E /* YTVimeoVideoTestCase.m */ = {isa = PBXFileReference; fileEncoding = 4; lastKnownFileType = sourcecode.c.objc; path = YTVimeoVideoTestCase.m; sourceTree = "<group>"; };
		BF396C1E1A3E0C6400E47BD8 /* MacSample.app */ = {isa = PBXFileReference; explicitFileType = wrapper.application; includeInIndex = 0; path = MacSample.app; sourceTree = BUILT_PRODUCTS_DIR; };
		BF396C211A3E0C6400E47BD8 /* Info.plist */ = {isa = PBXFileReference; lastKnownFileType = text.plist.xml; path = Info.plist; sourceTree = "<group>"; };
		BF396C221A3E0C6400E47BD8 /* AppDelegate.h */ = {isa = PBXFileReference; lastKnownFileType = sourcecode.c.h; path = AppDelegate.h; sourceTree = "<group>"; };
		BF396C231A3E0C6400E47BD8 /* AppDelegate.m */ = {isa = PBXFileReference; lastKnownFileType = sourcecode.c.objc; path = AppDelegate.m; sourceTree = "<group>"; };
		BF396C251A3E0C6400E47BD8 /* main.m */ = {isa = PBXFileReference; lastKnownFileType = sourcecode.c.objc; path = main.m; sourceTree = "<group>"; };
		BF396C271A3E0C6400E47BD8 /* Images.xcassets */ = {isa = PBXFileReference; lastKnownFileType = folder.assetcatalog; path = Images.xcassets; sourceTree = "<group>"; };
		BF396C2A1A3E0C6400E47BD8 /* Base */ = {isa = PBXFileReference; lastKnownFileType = file.xib; name = Base; path = Base.lproj/MainMenu.xib; sourceTree = "<group>"; };
		BF396C3E1A3E104100E47BD8 /* AVFoundation.framework */ = {isa = PBXFileReference; lastKnownFileType = wrapper.framework; name = AVFoundation.framework; path = Platforms/MacOSX.platform/Developer/SDKs/MacOSX10.10.sdk/System/Library/Frameworks/AVFoundation.framework; sourceTree = DEVELOPER_DIR; };
		BF396C3F1A3E104100E47BD8 /* AVKit.framework */ = {isa = PBXFileReference; lastKnownFileType = wrapper.framework; name = AVKit.framework; path = Platforms/MacOSX.platform/Developer/SDKs/MacOSX10.10.sdk/System/Library/Frameworks/AVKit.framework; sourceTree = DEVELOPER_DIR; };
		BF396C461A3E180400E47BD8 /* CoreMedia.framework */ = {isa = PBXFileReference; lastKnownFileType = wrapper.framework; name = CoreMedia.framework; path = Platforms/MacOSX.platform/Developer/SDKs/MacOSX10.10.sdk/System/Library/Frameworks/CoreMedia.framework; sourceTree = DEVELOPER_DIR; };
		BF396C4E1A3E1CA700E47BD8 /* MainWindowController.h */ = {isa = PBXFileReference; fileEncoding = 4; lastKnownFileType = sourcecode.c.h; path = MainWindowController.h; sourceTree = "<group>"; };
		BF396C4F1A3E1CA700E47BD8 /* MainWindowController.m */ = {isa = PBXFileReference; fileEncoding = 4; lastKnownFileType = sourcecode.c.objc; path = MainWindowController.m; sourceTree = "<group>"; };
		BF396C501A3E1CA700E47BD8 /* MainWindow.xib */ = {isa = PBXFileReference; fileEncoding = 4; lastKnownFileType = file.xib; path = MainWindow.xib; sourceTree = "<group>"; };
		BF7E5C0316D26B8300712F0D /* Sample.app */ = {isa = PBXFileReference; explicitFileType = wrapper.application; includeInIndex = 0; path = Sample.app; sourceTree = BUILT_PRODUCTS_DIR; };
		BF7E5C0616D26B8300712F0D /* UIKit.framework */ = {isa = PBXFileReference; lastKnownFileType = wrapper.framework; name = UIKit.framework; path = System/Library/Frameworks/UIKit.framework; sourceTree = SDKROOT; };
		BF7E5C0816D26B8300712F0D /* Foundation.framework */ = {isa = PBXFileReference; lastKnownFileType = wrapper.framework; name = Foundation.framework; path = System/Library/Frameworks/Foundation.framework; sourceTree = SDKROOT; };
		BF7E5C0A16D26B8300712F0D /* CoreGraphics.framework */ = {isa = PBXFileReference; lastKnownFileType = wrapper.framework; name = CoreGraphics.framework; path = System/Library/Frameworks/CoreGraphics.framework; sourceTree = SDKROOT; };
		BF7E5C0E16D26B8300712F0D /* Sample-Info.plist */ = {isa = PBXFileReference; lastKnownFileType = text.plist.xml; path = "Sample-Info.plist"; sourceTree = "<group>"; };
		BF7E5C1016D26B8300712F0D /* en */ = {isa = PBXFileReference; lastKnownFileType = text.plist.strings; name = en; path = en.lproj/InfoPlist.strings; sourceTree = "<group>"; };
		BF7E5C1216D26B8300712F0D /* main.m */ = {isa = PBXFileReference; lastKnownFileType = sourcecode.c.objc; path = main.m; sourceTree = "<group>"; };
		BF7E5C1416D26B8300712F0D /* Sample-Prefix.pch */ = {isa = PBXFileReference; lastKnownFileType = sourcecode.c.h; path = "Sample-Prefix.pch"; sourceTree = "<group>"; };
		BF7E5C1516D26B8300712F0D /* AppDelegate.h */ = {isa = PBXFileReference; lastKnownFileType = sourcecode.c.h; path = AppDelegate.h; sourceTree = "<group>"; };
		BF7E5C1616D26B8300712F0D /* AppDelegate.m */ = {isa = PBXFileReference; lastKnownFileType = sourcecode.c.objc; path = AppDelegate.m; sourceTree = "<group>"; };
		BF7E5C1816D26B8300712F0D /* Default.png */ = {isa = PBXFileReference; lastKnownFileType = image.png; path = Default.png; sourceTree = "<group>"; };
		BF7E5C1A16D26B8300712F0D /* Default@2x.png */ = {isa = PBXFileReference; lastKnownFileType = image.png; path = "Default@2x.png"; sourceTree = "<group>"; };
		BF7E5C1C16D26B8300712F0D /* Default-568h@2x.png */ = {isa = PBXFileReference; lastKnownFileType = image.png; path = "Default-568h@2x.png"; sourceTree = "<group>"; };
		BF7E5C1F16D26B8300712F0D /* en */ = {isa = PBXFileReference; lastKnownFileType = file.storyboard; name = en; path = en.lproj/MainStoryboard_iPhone.storyboard; sourceTree = "<group>"; };
		BF7E5C2216D26B8300712F0D /* en */ = {isa = PBXFileReference; lastKnownFileType = file.storyboard; name = en; path = en.lproj/MainStoryboard_iPad.storyboard; sourceTree = "<group>"; };
		BF7E5C2416D26B8300712F0D /* ViewController.h */ = {isa = PBXFileReference; lastKnownFileType = sourcecode.c.h; path = ViewController.h; sourceTree = "<group>"; };
		BF7E5C2516D26B8300712F0D /* ViewController.m */ = {isa = PBXFileReference; lastKnownFileType = sourcecode.c.objc; path = ViewController.m; sourceTree = "<group>"; };
		BF7E5C3016D2B5EE00712F0D /* YTVimeoExtractor.h */ = {isa = PBXFileReference; fileEncoding = 4; lastKnownFileType = sourcecode.c.h; path = YTVimeoExtractor.h; sourceTree = "<group>"; };
		BF7E5C3116D2B5EF00712F0D /* YTVimeoExtractor.m */ = {isa = PBXFileReference; fileEncoding = 4; lastKnownFileType = sourcecode.c.objc; path = YTVimeoExtractor.m; sourceTree = "<group>"; };
		BFA9544816D2D004000BB6D1 /* MediaPlayer.framework */ = {isa = PBXFileReference; lastKnownFileType = wrapper.framework; name = MediaPlayer.framework; path = System/Library/Frameworks/MediaPlayer.framework; sourceTree = SDKROOT; };
/* End PBXFileReference section */

/* Begin PBXFrameworksBuildPhase section */
		01E559711C0F1E30001F314E /* Frameworks */ = {
			isa = PBXFrameworksBuildPhase;
			buildActionMask = 2147483647;
			files = (
			);
			runOnlyForDeploymentPostprocessing = 0;
		};
		BF396C1B1A3E0C6400E47BD8 /* Frameworks */ = {
			isa = PBXFrameworksBuildPhase;
			buildActionMask = 2147483647;
			files = (
				BF396C471A3E180400E47BD8 /* CoreMedia.framework in Frameworks */,
				BF396C401A3E104100E47BD8 /* AVFoundation.framework in Frameworks */,
				BF396C411A3E104100E47BD8 /* AVKit.framework in Frameworks */,
			);
			runOnlyForDeploymentPostprocessing = 0;
		};
		BF7E5C0016D26B8300712F0D /* Frameworks */ = {
			isa = PBXFrameworksBuildPhase;
			buildActionMask = 2147483647;
			files = (
				BFA9544916D2D004000BB6D1 /* MediaPlayer.framework in Frameworks */,
				BF7E5C0716D26B8300712F0D /* UIKit.framework in Frameworks */,
				BF7E5C0916D26B8300712F0D /* Foundation.framework in Frameworks */,
				BF7E5C0B16D26B8300712F0D /* CoreGraphics.framework in Frameworks */,
			);
			runOnlyForDeploymentPostprocessing = 0;
		};
/* End PBXFrameworksBuildPhase section */

/* Begin PBXGroup section */
		01E5596F1C0F1D92001F314E /* YTVimeoExtractor Tests */ = {
			isa = PBXGroup;
			children = (
				01E559751C0F1E30001F314E /* MacSampleTests */,
			);
			name = "YTVimeoExtractor Tests";
			sourceTree = "<group>";
		};
		01E559751C0F1E30001F314E /* MacSampleTests */ = {
			isa = PBXGroup;
			children = (
				0174ABA41C0FDEDE00FA0352 /* YTVimeoURLParserTestCase.m */,
				01E5597E1C0F1FDB001F314E /* YTVimeoVideoTestCase.m */,
				0190F0631C0F3B2E001523B7 /* testdata.json */,
				0190F0651C0F3E1F001523B7 /* testdata.plist */,
				01E559761C0F1E30001F314E /* MacSampleTests.m */,
				01E559781C0F1E30001F314E /* Info.plist */,
			);
			path = MacSampleTests;
			sourceTree = "<group>";
		};
		BF396C1F1A3E0C6400E47BD8 /* MacSample */ = {
			isa = PBXGroup;
			children = (
				BF396C221A3E0C6400E47BD8 /* AppDelegate.h */,
				BF396C231A3E0C6400E47BD8 /* AppDelegate.m */,
				BF396C271A3E0C6400E47BD8 /* Images.xcassets */,
				BF396C291A3E0C6400E47BD8 /* MainMenu.xib */,
				BF396C201A3E0C6400E47BD8 /* Supporting Files */,
				BF396C4E1A3E1CA700E47BD8 /* MainWindowController.h */,
				BF396C4F1A3E1CA700E47BD8 /* MainWindowController.m */,
				BF396C501A3E1CA700E47BD8 /* MainWindow.xib */,
			);
			path = MacSample;
			sourceTree = "<group>";
		};
		BF396C201A3E0C6400E47BD8 /* Supporting Files */ = {
			isa = PBXGroup;
			children = (
				BF396C211A3E0C6400E47BD8 /* Info.plist */,
				BF396C251A3E0C6400E47BD8 /* main.m */,
			);
			name = "Supporting Files";
			sourceTree = "<group>";
		};
		BF7E5BFA16D26B8300712F0D = {
			isa = PBXGroup;
			children = (
				01E5596F1C0F1D92001F314E /* YTVimeoExtractor Tests */,
				BF7E5C2C16D26B9F00712F0D /* YTVimeoExtractor */,
				BF7E5C0C16D26B8300712F0D /* Sample */,
				BF396C1F1A3E0C6400E47BD8 /* MacSample */,
				BF7E5C0516D26B8300712F0D /* Frameworks */,
				BF7E5C0416D26B8300712F0D /* Products */,
			);
			sourceTree = "<group>";
		};
		BF7E5C0416D26B8300712F0D /* Products */ = {
			isa = PBXGroup;
			children = (
				BF7E5C0316D26B8300712F0D /* Sample.app */,
				BF396C1E1A3E0C6400E47BD8 /* MacSample.app */,
				01E559741C0F1E30001F314E /* MacSampleTests.xctest */,
			);
			name = Products;
			sourceTree = "<group>";
		};
		BF7E5C0516D26B8300712F0D /* Frameworks */ = {
			isa = PBXGroup;
			children = (
				BF396C461A3E180400E47BD8 /* CoreMedia.framework */,
				BF396C3E1A3E104100E47BD8 /* AVFoundation.framework */,
				BF396C3F1A3E104100E47BD8 /* AVKit.framework */,
				BFA9544816D2D004000BB6D1 /* MediaPlayer.framework */,
				BF7E5C0616D26B8300712F0D /* UIKit.framework */,
				BF7E5C0816D26B8300712F0D /* Foundation.framework */,
				BF7E5C0A16D26B8300712F0D /* CoreGraphics.framework */,
			);
			name = Frameworks;
			sourceTree = "<group>";
		};
		BF7E5C0C16D26B8300712F0D /* Sample */ = {
			isa = PBXGroup;
			children = (
				BF7E5C1516D26B8300712F0D /* AppDelegate.h */,
				BF7E5C1616D26B8300712F0D /* AppDelegate.m */,
				BF7E5C1E16D26B8300712F0D /* MainStoryboard_iPhone.storyboard */,
				BF7E5C2116D26B8300712F0D /* MainStoryboard_iPad.storyboard */,
				BF7E5C2416D26B8300712F0D /* ViewController.h */,
				BF7E5C2516D26B8300712F0D /* ViewController.m */,
				BF7E5C0D16D26B8300712F0D /* Supporting Files */,
			);
			path = Sample;
			sourceTree = "<group>";
		};
		BF7E5C0D16D26B8300712F0D /* Supporting Files */ = {
			isa = PBXGroup;
			children = (
				BF7E5C0E16D26B8300712F0D /* Sample-Info.plist */,
				BF7E5C0F16D26B8300712F0D /* InfoPlist.strings */,
				BF7E5C1216D26B8300712F0D /* main.m */,
				BF7E5C1416D26B8300712F0D /* Sample-Prefix.pch */,
				BF7E5C1816D26B8300712F0D /* Default.png */,
				BF7E5C1A16D26B8300712F0D /* Default@2x.png */,
				BF7E5C1C16D26B8300712F0D /* Default-568h@2x.png */,
			);
			name = "Supporting Files";
			sourceTree = "<group>";
		};
		BF7E5C2C16D26B9F00712F0D /* YTVimeoExtractor */ = {
			isa = PBXGroup;
			children = (
				BF7E5C3016D2B5EE00712F0D /* YTVimeoExtractor.h */,
				BF7E5C3116D2B5EF00712F0D /* YTVimeoExtractor.m */,
				018241B71C0A704A00629CE3 /* YTVimeoExtractorOperation.h */,
				018241B81C0A704A00629CE3 /* YTVimeoExtractorOperation.m */,
				018241BB1C0A720400629CE3 /* YTVimeoClient.h */,
				018241BC1C0A720400629CE3 /* YTVimeoClient.m */,
				018241BF1C0A72B100629CE3 /* YTVimeoVideo.h */,
				018241C01C0A72B100629CE3 /* YTVimeoVideo.m */,
				018241C31C0A73F000629CE3 /* YTVimeoError.h */,
				0174ABA01C0FC5D900FA0352 /* YTVimeoURLParser.h */,
				0174ABA11C0FC5D900FA0352 /* YTVimeoURLParser.m */,
			);
			name = YTVimeoExtractor;
			path = ../YTVimeoExtractor;
			sourceTree = "<group>";
		};
/* End PBXGroup section */

/* Begin PBXNativeTarget section */
		01E559731C0F1E30001F314E /* MacSampleTests */ = {
			isa = PBXNativeTarget;
			buildConfigurationList = 01E5597B1C0F1E30001F314E /* Build configuration list for PBXNativeTarget "MacSampleTests" */;
			buildPhases = (
				01E559701C0F1E30001F314E /* Sources */,
				01E559711C0F1E30001F314E /* Frameworks */,
				01E559721C0F1E30001F314E /* Resources */,
			);
			buildRules = (
			);
			dependencies = (
				01E5597A1C0F1E30001F314E /* PBXTargetDependency */,
			);
			name = MacSampleTests;
			productName = MacSampleTests;
			productReference = 01E559741C0F1E30001F314E /* MacSampleTests.xctest */;
			productType = "com.apple.product-type.bundle.unit-test";
		};
		BF396C1D1A3E0C6400E47BD8 /* MacSample */ = {
			isa = PBXNativeTarget;
			buildConfigurationList = BF396C3C1A3E0C6400E47BD8 /* Build configuration list for PBXNativeTarget "MacSample" */;
			buildPhases = (
				BF396C1A1A3E0C6400E47BD8 /* Sources */,
				BF396C1B1A3E0C6400E47BD8 /* Frameworks */,
				BF396C1C1A3E0C6400E47BD8 /* Resources */,
			);
			buildRules = (
			);
			dependencies = (
			);
			name = MacSample;
			productName = MacSample;
			productReference = BF396C1E1A3E0C6400E47BD8 /* MacSample.app */;
			productType = "com.apple.product-type.application";
		};
		BF7E5C0216D26B8300712F0D /* Sample */ = {
			isa = PBXNativeTarget;
			buildConfigurationList = BF7E5C2916D26B8300712F0D /* Build configuration list for PBXNativeTarget "Sample" */;
			buildPhases = (
				BF7E5BFF16D26B8300712F0D /* Sources */,
				BF7E5C0016D26B8300712F0D /* Frameworks */,
				BF7E5C0116D26B8300712F0D /* Resources */,
			);
			buildRules = (
			);
			dependencies = (
			);
			name = Sample;
			productName = Sample;
			productReference = BF7E5C0316D26B8300712F0D /* Sample.app */;
			productType = "com.apple.product-type.application";
		};
/* End PBXNativeTarget section */

/* Begin PBXProject section */
		BF7E5BFB16D26B8300712F0D /* Project object */ = {
			isa = PBXProject;
			attributes = {
				LastUpgradeCheck = 0710;
				ORGANIZATIONNAME = "Louis Larpin";
				TargetAttributes = {
					01E559731C0F1E30001F314E = {
						CreatedOnToolsVersion = 7.1.1;
						TestTargetID = BF396C1D1A3E0C6400E47BD8;
					};
					BF396C1D1A3E0C6400E47BD8 = {
						CreatedOnToolsVersion = 6.1.1;
					};
				};
			};
			buildConfigurationList = BF7E5BFE16D26B8300712F0D /* Build configuration list for PBXProject "Sample" */;
			compatibilityVersion = "Xcode 3.2";
			developmentRegion = English;
			hasScannedForEncodings = 0;
			knownRegions = (
				en,
				Base,
			);
			mainGroup = BF7E5BFA16D26B8300712F0D;
			productRefGroup = BF7E5C0416D26B8300712F0D /* Products */;
			projectDirPath = "";
			projectRoot = "";
			targets = (
				BF7E5C0216D26B8300712F0D /* Sample */,
				BF396C1D1A3E0C6400E47BD8 /* MacSample */,
				01E559731C0F1E30001F314E /* MacSampleTests */,
			);
		};
/* End PBXProject section */

/* Begin PBXResourcesBuildPhase section */
		01E559721C0F1E30001F314E /* Resources */ = {
			isa = PBXResourcesBuildPhase;
			buildActionMask = 2147483647;
			files = (
				0190F0661C0F3E1F001523B7 /* testdata.plist in Resources */,
				0190F0641C0F3B2E001523B7 /* testdata.json in Resources */,
			);
			runOnlyForDeploymentPostprocessing = 0;
		};
		BF396C1C1A3E0C6400E47BD8 /* Resources */ = {
			isa = PBXResourcesBuildPhase;
			buildActionMask = 2147483647;
			files = (
				BF396C281A3E0C6400E47BD8 /* Images.xcassets in Resources */,
				BF396C521A3E1CA700E47BD8 /* MainWindow.xib in Resources */,
				BF396C2B1A3E0C6400E47BD8 /* MainMenu.xib in Resources */,
			);
			runOnlyForDeploymentPostprocessing = 0;
		};
		BF7E5C0116D26B8300712F0D /* Resources */ = {
			isa = PBXResourcesBuildPhase;
			buildActionMask = 2147483647;
			files = (
				BF7E5C1116D26B8300712F0D /* InfoPlist.strings in Resources */,
				BF7E5C1916D26B8300712F0D /* Default.png in Resources */,
				BF7E5C1B16D26B8300712F0D /* Default@2x.png in Resources */,
				BF7E5C1D16D26B8300712F0D /* Default-568h@2x.png in Resources */,
				BF7E5C2016D26B8300712F0D /* MainStoryboard_iPhone.storyboard in Resources */,
				BF7E5C2316D26B8300712F0D /* MainStoryboard_iPad.storyboard in Resources */,
			);
			runOnlyForDeploymentPostprocessing = 0;
		};
/* End PBXResourcesBuildPhase section */

/* Begin PBXSourcesBuildPhase section */
		01E559701C0F1E30001F314E /* Sources */ = {
			isa = PBXSourcesBuildPhase;
			buildActionMask = 2147483647;
			files = (
				01E559771C0F1E30001F314E /* MacSampleTests.m in Sources */,
				0174ABA51C0FDEDE00FA0352 /* YTVimeoURLParserTestCase.m in Sources */,
				01E5597F1C0F1FDD001F314E /* YTVimeoVideoTestCase.m in Sources */,
			);
			runOnlyForDeploymentPostprocessing = 0;
		};
		BF396C1A1A3E0C6400E47BD8 /* Sources */ = {
			isa = PBXSourcesBuildPhase;
			buildActionMask = 2147483647;
			files = (
				BF396C481A3E194B00E47BD8 /* YTVimeoExtractor.m in Sources */,
				BF396C261A3E0C6400E47BD8 /* main.m in Sources */,
				0174ABA31C0FC5D900FA0352 /* YTVimeoURLParser.m in Sources */,
				018241BE1C0A720400629CE3 /* YTVimeoClient.m in Sources */,
				018241C21C0A72B100629CE3 /* YTVimeoVideo.m in Sources */,
				018241BA1C0A704A00629CE3 /* YTVimeoExtractorOperation.m in Sources */,
				BF396C511A3E1CA700E47BD8 /* MainWindowController.m in Sources */,
				BF396C241A3E0C6400E47BD8 /* AppDelegate.m in Sources */,
			);
			runOnlyForDeploymentPostprocessing = 0;
		};
		BF7E5BFF16D26B8300712F0D /* Sources */ = {
			isa = PBXSourcesBuildPhase;
			buildActionMask = 2147483647;
			files = (
				BF7E5C1316D26B8300712F0D /* main.m in Sources */,
				BF7E5C1716D26B8300712F0D /* AppDelegate.m in Sources */,
				0174ABA21C0FC5D900FA0352 /* YTVimeoURLParser.m in Sources */,
				018241BD1C0A720400629CE3 /* YTVimeoClient.m in Sources */,
				018241C11C0A72B100629CE3 /* YTVimeoVideo.m in Sources */,
				018241B91C0A704A00629CE3 /* YTVimeoExtractorOperation.m in Sources */,
				BF7E5C2616D26B8300712F0D /* ViewController.m in Sources */,
				BF7E5C3216D2B5EF00712F0D /* YTVimeoExtractor.m in Sources */,
			);
			runOnlyForDeploymentPostprocessing = 0;
		};
/* End PBXSourcesBuildPhase section */

/* Begin PBXTargetDependency section */
		01E5597A1C0F1E30001F314E /* PBXTargetDependency */ = {
			isa = PBXTargetDependency;
			target = BF396C1D1A3E0C6400E47BD8 /* MacSample */;
			targetProxy = 01E559791C0F1E30001F314E /* PBXContainerItemProxy */;
		};
/* End PBXTargetDependency section */

/* Begin PBXVariantGroup section */
		BF396C291A3E0C6400E47BD8 /* MainMenu.xib */ = {
			isa = PBXVariantGroup;
			children = (
				BF396C2A1A3E0C6400E47BD8 /* Base */,
			);
			name = MainMenu.xib;
			sourceTree = "<group>";
		};
		BF7E5C0F16D26B8300712F0D /* InfoPlist.strings */ = {
			isa = PBXVariantGroup;
			children = (
				BF7E5C1016D26B8300712F0D /* en */,
			);
			name = InfoPlist.strings;
			sourceTree = "<group>";
		};
		BF7E5C1E16D26B8300712F0D /* MainStoryboard_iPhone.storyboard */ = {
			isa = PBXVariantGroup;
			children = (
				BF7E5C1F16D26B8300712F0D /* en */,
			);
			name = MainStoryboard_iPhone.storyboard;
			sourceTree = "<group>";
		};
		BF7E5C2116D26B8300712F0D /* MainStoryboard_iPad.storyboard */ = {
			isa = PBXVariantGroup;
			children = (
				BF7E5C2216D26B8300712F0D /* en */,
			);
			name = MainStoryboard_iPad.storyboard;
			sourceTree = "<group>";
		};
/* End PBXVariantGroup section */

/* Begin XCBuildConfiguration section */
		01E5597C1C0F1E30001F314E /* Debug */ = {
			isa = XCBuildConfiguration;
			buildSettings = {
				BUNDLE_LOADER = "$(TEST_HOST)";
				CLANG_ENABLE_MODULES = YES;
				CLANG_WARN_BOOL_CONVERSION = YES;
				CLANG_WARN_DIRECT_OBJC_ISA_USAGE = YES_ERROR;
				CLANG_WARN_OBJC_ROOT_CLASS = YES_ERROR;
				CLANG_WARN_UNREACHABLE_CODE = YES;
				CODE_SIGN_IDENTITY = "-";
				COMBINE_HIDPI_IMAGES = YES;
				DEBUG_INFORMATION_FORMAT = dwarf;
				ENABLE_STRICT_OBJC_MSGSEND = YES;
				GCC_NO_COMMON_BLOCKS = YES;
				GCC_WARN_64_TO_32_BIT_CONVERSION = YES;
				GCC_WARN_ABOUT_RETURN_TYPE = YES_ERROR;
				GCC_WARN_UNDECLARED_SELECTOR = YES;
				GCC_WARN_UNINITIALIZED_AUTOS = YES_AGGRESSIVE;
				GCC_WARN_UNUSED_FUNCTION = YES;
				INFOPLIST_FILE = MacSampleTests/Info.plist;
				LD_RUNPATH_SEARCH_PATHS = "$(inherited) @executable_path/../Frameworks @loader_path/../Frameworks";
				MACOSX_DEPLOYMENT_TARGET = 10.11;
				MTL_ENABLE_DEBUG_INFO = YES;
				PRODUCT_BUNDLE_IDENTIFIER = louis.larpin.Sample.MacSampleTests;
				PRODUCT_NAME = "$(TARGET_NAME)";
				SDKROOT = macosx;
				TEST_HOST = "$(BUILT_PRODUCTS_DIR)/MacSample.app/Contents/MacOS/MacSample";
			};
			name = Debug;
		};
		01E5597D1C0F1E30001F314E /* Release */ = {
			isa = XCBuildConfiguration;
			buildSettings = {
				BUNDLE_LOADER = "$(TEST_HOST)";
				CLANG_ENABLE_MODULES = YES;
				CLANG_WARN_BOOL_CONVERSION = YES;
				CLANG_WARN_DIRECT_OBJC_ISA_USAGE = YES_ERROR;
				CLANG_WARN_OBJC_ROOT_CLASS = YES_ERROR;
				CLANG_WARN_UNREACHABLE_CODE = YES;
				CODE_SIGN_IDENTITY = "-";
				COMBINE_HIDPI_IMAGES = YES;
				COPY_PHASE_STRIP = NO;
				DEBUG_INFORMATION_FORMAT = "dwarf-with-dsym";
				ENABLE_NS_ASSERTIONS = NO;
				ENABLE_STRICT_OBJC_MSGSEND = YES;
				GCC_NO_COMMON_BLOCKS = YES;
				GCC_WARN_64_TO_32_BIT_CONVERSION = YES;
				GCC_WARN_ABOUT_RETURN_TYPE = YES_ERROR;
				GCC_WARN_UNDECLARED_SELECTOR = YES;
				GCC_WARN_UNINITIALIZED_AUTOS = YES_AGGRESSIVE;
				GCC_WARN_UNUSED_FUNCTION = YES;
				INFOPLIST_FILE = MacSampleTests/Info.plist;
				LD_RUNPATH_SEARCH_PATHS = "$(inherited) @executable_path/../Frameworks @loader_path/../Frameworks";
				MACOSX_DEPLOYMENT_TARGET = 10.11;
				MTL_ENABLE_DEBUG_INFO = NO;
				PRODUCT_BUNDLE_IDENTIFIER = louis.larpin.Sample.MacSampleTests;
				PRODUCT_NAME = "$(TARGET_NAME)";
				SDKROOT = macosx;
				TEST_HOST = "$(BUILT_PRODUCTS_DIR)/MacSample.app/Contents/MacOS/MacSample";
			};
			name = Release;
		};
		BF396C381A3E0C6400E47BD8 /* Debug */ = {
			isa = XCBuildConfiguration;
			buildSettings = {
				ASSETCATALOG_COMPILER_APPICON_NAME = AppIcon;
				CLANG_ENABLE_MODULES = YES;
				CLANG_WARN_BOOL_CONVERSION = YES;
				CLANG_WARN_DIRECT_OBJC_ISA_USAGE = YES_ERROR;
				CLANG_WARN_OBJC_ROOT_CLASS = YES_ERROR;
				CLANG_WARN_UNREACHABLE_CODE = YES;
				CODE_SIGN_IDENTITY = "-";
				COMBINE_HIDPI_IMAGES = YES;
				ENABLE_STRICT_OBJC_MSGSEND = YES;
				GCC_PREPROCESSOR_DEFINITIONS = (
					"DEBUG=1",
					"$(inherited)",
				);
				GCC_WARN_64_TO_32_BIT_CONVERSION = YES;
				GCC_WARN_ABOUT_RETURN_TYPE = YES_ERROR;
				GCC_WARN_UNDECLARED_SELECTOR = YES;
				GCC_WARN_UNINITIALIZED_AUTOS = YES_AGGRESSIVE;
				GCC_WARN_UNUSED_FUNCTION = YES;
				INFOPLIST_FILE = MacSample/Info.plist;
				LD_RUNPATH_SEARCH_PATHS = "$(inherited) @executable_path/../Frameworks";
				MACOSX_DEPLOYMENT_TARGET = 10.9;
				MTL_ENABLE_DEBUG_INFO = YES;
				PRODUCT_BUNDLE_IDENTIFIER = "louis.larpin.$(PRODUCT_NAME:rfc1034identifier)";
				PRODUCT_NAME = "$(TARGET_NAME)";
				SDKROOT = macosx;
			};
			name = Debug;
		};
		BF396C391A3E0C6400E47BD8 /* Release */ = {
			isa = XCBuildConfiguration;
			buildSettings = {
				ASSETCATALOG_COMPILER_APPICON_NAME = AppIcon;
				CLANG_ENABLE_MODULES = YES;
				CLANG_WARN_BOOL_CONVERSION = YES;
				CLANG_WARN_DIRECT_OBJC_ISA_USAGE = YES_ERROR;
				CLANG_WARN_OBJC_ROOT_CLASS = YES_ERROR;
				CLANG_WARN_UNREACHABLE_CODE = YES;
				CODE_SIGN_IDENTITY = "-";
				COMBINE_HIDPI_IMAGES = YES;
				DEBUG_INFORMATION_FORMAT = "dwarf-with-dsym";
				ENABLE_NS_ASSERTIONS = NO;
				ENABLE_STRICT_OBJC_MSGSEND = YES;
				GCC_WARN_64_TO_32_BIT_CONVERSION = YES;
				GCC_WARN_ABOUT_RETURN_TYPE = YES_ERROR;
				GCC_WARN_UNDECLARED_SELECTOR = YES;
				GCC_WARN_UNINITIALIZED_AUTOS = YES_AGGRESSIVE;
				GCC_WARN_UNUSED_FUNCTION = YES;
				INFOPLIST_FILE = MacSample/Info.plist;
				LD_RUNPATH_SEARCH_PATHS = "$(inherited) @executable_path/../Frameworks";
				MACOSX_DEPLOYMENT_TARGET = 10.9;
				MTL_ENABLE_DEBUG_INFO = NO;
				PRODUCT_BUNDLE_IDENTIFIER = "louis.larpin.$(PRODUCT_NAME:rfc1034identifier)";
				PRODUCT_NAME = "$(TARGET_NAME)";
				SDKROOT = macosx;
			};
			name = Release;
		};
		BF7E5C2716D26B8300712F0D /* Debug */ = {
			isa = XCBuildConfiguration;
			buildSettings = {
				ALWAYS_SEARCH_USER_PATHS = NO;
				CLANG_CXX_LANGUAGE_STANDARD = "gnu++0x";
				CLANG_CXX_LIBRARY = "libc++";
				CLANG_ENABLE_OBJC_ARC = YES;
				CLANG_WARN_CONSTANT_CONVERSION = YES;
				CLANG_WARN_EMPTY_BODY = YES;
				CLANG_WARN_ENUM_CONVERSION = YES;
				CLANG_WARN_INT_CONVERSION = YES;
				CLANG_WARN__DUPLICATE_METHOD_MATCH = YES;
				"CODE_SIGN_IDENTITY[sdk=iphoneos*]" = "iPhone Developer";
				COPY_PHASE_STRIP = NO;
				ENABLE_TESTABILITY = YES;
				GCC_C_LANGUAGE_STANDARD = gnu99;
				GCC_DYNAMIC_NO_PIC = NO;
				GCC_OPTIMIZATION_LEVEL = 0;
				GCC_PREPROCESSOR_DEFINITIONS = (
					"DEBUG=1",
					"$(inherited)",
				);
				GCC_SYMBOLS_PRIVATE_EXTERN = NO;
				GCC_WARN_ABOUT_RETURN_TYPE = YES;
				GCC_WARN_UNINITIALIZED_AUTOS = YES;
				GCC_WARN_UNUSED_VARIABLE = YES;
				IPHONEOS_DEPLOYMENT_TARGET = 6.1;
				ONLY_ACTIVE_ARCH = YES;
				SDKROOT = iphoneos;
				TARGETED_DEVICE_FAMILY = "1,2";
			};
			name = Debug;
		};
		BF7E5C2816D26B8300712F0D /* Release */ = {
			isa = XCBuildConfiguration;
			buildSettings = {
				ALWAYS_SEARCH_USER_PATHS = NO;
				CLANG_CXX_LANGUAGE_STANDARD = "gnu++0x";
				CLANG_CXX_LIBRARY = "libc++";
				CLANG_ENABLE_OBJC_ARC = YES;
				CLANG_WARN_CONSTANT_CONVERSION = YES;
				CLANG_WARN_EMPTY_BODY = YES;
				CLANG_WARN_ENUM_CONVERSION = YES;
				CLANG_WARN_INT_CONVERSION = YES;
				CLANG_WARN__DUPLICATE_METHOD_MATCH = YES;
				"CODE_SIGN_IDENTITY[sdk=iphoneos*]" = "iPhone Developer";
				COPY_PHASE_STRIP = YES;
				GCC_C_LANGUAGE_STANDARD = gnu99;
				GCC_WARN_ABOUT_RETURN_TYPE = YES;
				GCC_WARN_UNINITIALIZED_AUTOS = YES;
				GCC_WARN_UNUSED_VARIABLE = YES;
				IPHONEOS_DEPLOYMENT_TARGET = 6.1;
				OTHER_CFLAGS = "-DNS_BLOCK_ASSERTIONS=1";
				SDKROOT = iphoneos;
				TARGETED_DEVICE_FAMILY = "1,2";
				VALIDATE_PRODUCT = YES;
			};
			name = Release;
		};
		BF7E5C2A16D26B8300712F0D /* Debug */ = {
			isa = XCBuildConfiguration;
			buildSettings = {
				GCC_PRECOMPILE_PREFIX_HEADER = YES;
				GCC_PREFIX_HEADER = "Sample/Sample-Prefix.pch";
				INFOPLIST_FILE = "Sample/Sample-Info.plist";
				IPHONEOS_DEPLOYMENT_TARGET = 5.0;
				PRODUCT_BUNDLE_IDENTIFIER = "louis.larpin.${PRODUCT_NAME:rfc1034identifier}";
				PRODUCT_NAME = "$(TARGET_NAME)";
				TARGETED_DEVICE_FAMILY = "1,2";
				WRAPPER_EXTENSION = app;
			};
			name = Debug;
		};
		BF7E5C2B16D26B8300712F0D /* Release */ = {
			isa = XCBuildConfiguration;
			buildSettings = {
				GCC_PRECOMPILE_PREFIX_HEADER = YES;
				GCC_PREFIX_HEADER = "Sample/Sample-Prefix.pch";
				INFOPLIST_FILE = "Sample/Sample-Info.plist";
				IPHONEOS_DEPLOYMENT_TARGET = 5.0;
				PRODUCT_BUNDLE_IDENTIFIER = "louis.larpin.${PRODUCT_NAME:rfc1034identifier}";
				PRODUCT_NAME = "$(TARGET_NAME)";
				TARGETED_DEVICE_FAMILY = "1,2";
				WRAPPER_EXTENSION = app;
			};
			name = Release;
		};
/* End XCBuildConfiguration section */

/* Begin XCConfigurationList section */
		01E5597B1C0F1E30001F314E /* Build configuration list for PBXNativeTarget "MacSampleTests" */ = {
			isa = XCConfigurationList;
			buildConfigurations = (
				01E5597C1C0F1E30001F314E /* Debug */,
				01E5597D1C0F1E30001F314E /* Release */,
			);
			defaultConfigurationIsVisible = 0;
			defaultConfigurationName = Release;
		};
		BF396C3C1A3E0C6400E47BD8 /* Build configuration list for PBXNativeTarget "MacSample" */ = {
			isa = XCConfigurationList;
			buildConfigurations = (
				BF396C381A3E0C6400E47BD8 /* Debug */,
				BF396C391A3E0C6400E47BD8 /* Release */,
			);
			defaultConfigurationIsVisible = 0;
			defaultConfigurationName = Release;
		};
		BF7E5BFE16D26B8300712F0D /* Build configuration list for PBXProject "Sample" */ = {
			isa = XCConfigurationList;
			buildConfigurations = (
				BF7E5C2716D26B8300712F0D /* Debug */,
				BF7E5C2816D26B8300712F0D /* Release */,
			);
			defaultConfigurationIsVisible = 0;
			defaultConfigurationName = Release;
		};
		BF7E5C2916D26B8300712F0D /* Build configuration list for PBXNativeTarget "Sample" */ = {
			isa = XCConfigurationList;
			buildConfigurations = (
				BF7E5C2A16D26B8300712F0D /* Debug */,
				BF7E5C2B16D26B8300712F0D /* Release */,
			);
			defaultConfigurationIsVisible = 0;
			defaultConfigurationName = Release;
		};
/* End XCConfigurationList section */
	};
	rootObject = BF7E5BFB16D26B8300712F0D /* Project object */;
}
