// !$*UTF8*$!
{
	archiveVersion = 1;
	classes = {
	};
	objectVersion = 46;
	objects = {

/* Begin PBXBuildFile section */
		019F95101C984EF400E2A405 /* YTVimeoVideo+Private.h in Headers */ = {isa = PBXBuildFile; fileRef = 019F950F1C984EF400E2A405 /* YTVimeoVideo+Private.h */; settings = {ATTRIBUTES = (Private, ); }; };
		01AC343A1C1F21290015CAA6 /* YTVimeoExtractor.framework in Frameworks */ = {isa = PBXBuildFile; fileRef = 01AC342F1C1F21280015CAA6 /* YTVimeoExtractor.framework */; };
		01AC34521C1F21750015CAA6 /* YTVimeoError.h in Headers */ = {isa = PBXBuildFile; fileRef = 01AC34491C1F21750015CAA6 /* YTVimeoError.h */; settings = {ATTRIBUTES = (Public, ); }; };
		01AC34531C1F21750015CAA6 /* YTVimeoExtractor.h in Headers */ = {isa = PBXBuildFile; fileRef = 01AC344A1C1F21750015CAA6 /* YTVimeoExtractor.h */; settings = {ATTRIBUTES = (Public, ); }; };
		01AC34541C1F21750015CAA6 /* YTVimeoExtractor.m in Sources */ = {isa = PBXBuildFile; fileRef = 01AC344B1C1F21750015CAA6 /* YTVimeoExtractor.m */; };
		01AC34551C1F21750015CAA6 /* YTVimeoExtractorOperation.h in Headers */ = {isa = PBXBuildFile; fileRef = 01AC344C1C1F21750015CAA6 /* YTVimeoExtractorOperation.h */; settings = {ATTRIBUTES = (Public, ); }; };
		01AC34561C1F21750015CAA6 /* YTVimeoExtractorOperation.m in Sources */ = {isa = PBXBuildFile; fileRef = 01AC344D1C1F21750015CAA6 /* YTVimeoExtractorOperation.m */; };
		01AC34571C1F21750015CAA6 /* YTVimeoURLParser.h in Headers */ = {isa = PBXBuildFile; fileRef = 01AC344E1C1F21750015CAA6 /* YTVimeoURLParser.h */; settings = {ATTRIBUTES = (Public, ); }; };
		01AC34581C1F21750015CAA6 /* YTVimeoURLParser.m in Sources */ = {isa = PBXBuildFile; fileRef = 01AC344F1C1F21750015CAA6 /* YTVimeoURLParser.m */; };
		01AC34591C1F21750015CAA6 /* YTVimeoVideo.h in Headers */ = {isa = PBXBuildFile; fileRef = 01AC34501C1F21750015CAA6 /* YTVimeoVideo.h */; settings = {ATTRIBUTES = (Public, ); }; };
		01AC345A1C1F21750015CAA6 /* YTVimeoVideo.m in Sources */ = {isa = PBXBuildFile; fileRef = 01AC34511C1F21750015CAA6 /* YTVimeoVideo.m */; };
		01AC345F1C1F21ED0015CAA6 /* YTVimeoExtractorOperationTestCase.m in Sources */ = {isa = PBXBuildFile; fileRef = 01AC345B1C1F21ED0015CAA6 /* YTVimeoExtractorOperationTestCase.m */; };
		01AC34601C1F21ED0015CAA6 /* YTVimeoExtractorTestCase.m in Sources */ = {isa = PBXBuildFile; fileRef = 01AC345C1C1F21ED0015CAA6 /* YTVimeoExtractorTestCase.m */; };
		01AC34611C1F21ED0015CAA6 /* YTVimeoURLParserTestCase.m in Sources */ = {isa = PBXBuildFile; fileRef = 01AC345D1C1F21ED0015CAA6 /* YTVimeoURLParserTestCase.m */; };
		01AC34621C1F21ED0015CAA6 /* YTVimeoVideoTestCase.m in Sources */ = {isa = PBXBuildFile; fileRef = 01AC345E1C1F21ED0015CAA6 /* YTVimeoVideoTestCase.m */; };
		01AC34641C1F21F70015CAA6 /* testdata.json in Resources */ = {isa = PBXBuildFile; fileRef = 01AC34631C1F21F70015CAA6 /* testdata.json */; };
		01AC34661C1F22980015CAA6 /* testdata.plist in Resources */ = {isa = PBXBuildFile; fileRef = 01AC34651C1F22980015CAA6 /* testdata.plist */; };
		AC0B40771DF50F19000723B6 /* YTVimeoError.h in Headers */ = {isa = PBXBuildFile; fileRef = 01AC34491C1F21750015CAA6 /* YTVimeoError.h */; settings = {ATTRIBUTES = (Public, ); }; };
		AC0B40781DF50F19000723B6 /* YTVimeoExtractor.h in Headers */ = {isa = PBXBuildFile; fileRef = 01AC344A1C1F21750015CAA6 /* YTVimeoExtractor.h */; settings = {ATTRIBUTES = (Public, ); }; };
		AC0B40791DF50F19000723B6 /* YTVimeoExtractorOperation.h in Headers */ = {isa = PBXBuildFile; fileRef = 01AC344C1C1F21750015CAA6 /* YTVimeoExtractorOperation.h */; settings = {ATTRIBUTES = (Public, ); }; };
		AC0B407A1DF50F19000723B6 /* YTVimeoURLParser.h in Headers */ = {isa = PBXBuildFile; fileRef = 01AC344E1C1F21750015CAA6 /* YTVimeoURLParser.h */; settings = {ATTRIBUTES = (Public, ); }; };
		AC0B407B1DF50F19000723B6 /* YTVimeoVideo.h in Headers */ = {isa = PBXBuildFile; fileRef = 01AC34501C1F21750015CAA6 /* YTVimeoVideo.h */; settings = {ATTRIBUTES = (Public, ); }; };
		AC0B407C1DF50F19000723B6 /* YTVimeoVideo+Private.h in Headers */ = {isa = PBXBuildFile; fileRef = 019F950F1C984EF400E2A405 /* YTVimeoVideo+Private.h */; settings = {ATTRIBUTES = (Private, ); }; };
		AC0B407D1DF50F2F000723B6 /* YTVimeoExtractor.m in Sources */ = {isa = PBXBuildFile; fileRef = 01AC344B1C1F21750015CAA6 /* YTVimeoExtractor.m */; };
		AC0B407E1DF50F36000723B6 /* YTVimeoExtractorOperation.m in Sources */ = {isa = PBXBuildFile; fileRef = 01AC344D1C1F21750015CAA6 /* YTVimeoExtractorOperation.m */; };
		AC0B407F1DF50F36000723B6 /* YTVimeoURLParser.m in Sources */ = {isa = PBXBuildFile; fileRef = 01AC344F1C1F21750015CAA6 /* YTVimeoURLParser.m */; };
		AC0B40801DF50F36000723B6 /* YTVimeoVideo.m in Sources */ = {isa = PBXBuildFile; fileRef = 01AC34511C1F21750015CAA6 /* YTVimeoVideo.m */; };
		AC57301C1DF491A5006C5B33 /* YTVimeoVideo+Private.h in Headers */ = {isa = PBXBuildFile; fileRef = 019F950F1C984EF400E2A405 /* YTVimeoVideo+Private.h */; settings = {ATTRIBUTES = (Private, ); }; };
		AC57301D1DF491B6006C5B33 /* YTVimeoError.h in Headers */ = {isa = PBXBuildFile; fileRef = 01AC34491C1F21750015CAA6 /* YTVimeoError.h */; settings = {ATTRIBUTES = (Public, ); }; };
		AC57301E1DF491B6006C5B33 /* YTVimeoExtractor.h in Headers */ = {isa = PBXBuildFile; fileRef = 01AC344A1C1F21750015CAA6 /* YTVimeoExtractor.h */; settings = {ATTRIBUTES = (Public, ); }; };
		AC57301F1DF491B6006C5B33 /* YTVimeoExtractorOperation.h in Headers */ = {isa = PBXBuildFile; fileRef = 01AC344C1C1F21750015CAA6 /* YTVimeoExtractorOperation.h */; settings = {ATTRIBUTES = (Public, ); }; };
		AC5730201DF491B6006C5B33 /* YTVimeoURLParser.h in Headers */ = {isa = PBXBuildFile; fileRef = 01AC344E1C1F21750015CAA6 /* YTVimeoURLParser.h */; settings = {ATTRIBUTES = (Public, ); }; };
		AC5730211DF491B6006C5B33 /* YTVimeoVideo.h in Headers */ = {isa = PBXBuildFile; fileRef = 01AC34501C1F21750015CAA6 /* YTVimeoVideo.h */; settings = {ATTRIBUTES = (Public, ); }; };
		AC5730221DF491CE006C5B33 /* YTVimeoExtractor.m in Sources */ = {isa = PBXBuildFile; fileRef = 01AC344B1C1F21750015CAA6 /* YTVimeoExtractor.m */; };
		AC5730231DF491D1006C5B33 /* YTVimeoExtractorOperation.m in Sources */ = {isa = PBXBuildFile; fileRef = 01AC344D1C1F21750015CAA6 /* YTVimeoExtractorOperation.m */; };
		AC5730241DF491D4006C5B33 /* YTVimeoURLParser.m in Sources */ = {isa = PBXBuildFile; fileRef = 01AC344F1C1F21750015CAA6 /* YTVimeoURLParser.m */; };
		AC5730251DF491D8006C5B33 /* YTVimeoVideo.m in Sources */ = {isa = PBXBuildFile; fileRef = 01AC34511C1F21750015CAA6 /* YTVimeoVideo.m */; };
/* End PBXBuildFile section */

/* Begin PBXContainerItemProxy section */
		01AC343B1C1F21290015CAA6 /* PBXContainerItemProxy */ = {
			isa = PBXContainerItemProxy;
			containerPortal = 01AC34261C1F21280015CAA6 /* Project object */;
			proxyType = 1;
			remoteGlobalIDString = 01AC342E1C1F21280015CAA6;
			remoteInfo = YTVimeoExtractor;
		};
/* End PBXContainerItemProxy section */

/* Begin PBXFileReference section */
		019F950F1C984EF400E2A405 /* YTVimeoVideo+Private.h */ = {isa = PBXFileReference; fileEncoding = 4; lastKnownFileType = sourcecode.c.h; path = "YTVimeoVideo+Private.h"; sourceTree = "<group>"; };
		01AC342F1C1F21280015CAA6 /* YTVimeoExtractor.framework */ = {isa = PBXFileReference; explicitFileType = wrapper.framework; includeInIndex = 0; path = YTVimeoExtractor.framework; sourceTree = BUILT_PRODUCTS_DIR; };
		01AC34341C1F21290015CAA6 /* Info.plist */ = {isa = PBXFileReference; lastKnownFileType = text.plist.xml; path = Info.plist; sourceTree = "<group>"; };
		01AC34391C1F21290015CAA6 /* YTVimeoExtractorTests.xctest */ = {isa = PBXFileReference; explicitFileType = wrapper.cfbundle; includeInIndex = 0; path = YTVimeoExtractorTests.xctest; sourceTree = BUILT_PRODUCTS_DIR; };
		01AC34401C1F21290015CAA6 /* Info.plist */ = {isa = PBXFileReference; lastKnownFileType = text.plist.xml; path = Info.plist; sourceTree = "<group>"; };
		01AC34491C1F21750015CAA6 /* YTVimeoError.h */ = {isa = PBXFileReference; fileEncoding = 4; lastKnownFileType = sourcecode.c.h; path = YTVimeoError.h; sourceTree = "<group>"; };
		01AC344A1C1F21750015CAA6 /* YTVimeoExtractor.h */ = {isa = PBXFileReference; fileEncoding = 4; lastKnownFileType = sourcecode.c.h; path = YTVimeoExtractor.h; sourceTree = "<group>"; };
		01AC344B1C1F21750015CAA6 /* YTVimeoExtractor.m */ = {isa = PBXFileReference; fileEncoding = 4; lastKnownFileType = sourcecode.c.objc; path = YTVimeoExtractor.m; sourceTree = "<group>"; };
		01AC344C1C1F21750015CAA6 /* YTVimeoExtractorOperation.h */ = {isa = PBXFileReference; fileEncoding = 4; lastKnownFileType = sourcecode.c.h; path = YTVimeoExtractorOperation.h; sourceTree = "<group>"; };
		01AC344D1C1F21750015CAA6 /* YTVimeoExtractorOperation.m */ = {isa = PBXFileReference; fileEncoding = 4; lastKnownFileType = sourcecode.c.objc; path = YTVimeoExtractorOperation.m; sourceTree = "<group>"; };
		01AC344E1C1F21750015CAA6 /* YTVimeoURLParser.h */ = {isa = PBXFileReference; fileEncoding = 4; lastKnownFileType = sourcecode.c.h; path = YTVimeoURLParser.h; sourceTree = "<group>"; };
		01AC344F1C1F21750015CAA6 /* YTVimeoURLParser.m */ = {isa = PBXFileReference; fileEncoding = 4; lastKnownFileType = sourcecode.c.objc; path = YTVimeoURLParser.m; sourceTree = "<group>"; };
		01AC34501C1F21750015CAA6 /* YTVimeoVideo.h */ = {isa = PBXFileReference; fileEncoding = 4; lastKnownFileType = sourcecode.c.h; path = YTVimeoVideo.h; sourceTree = "<group>"; };
		01AC34511C1F21750015CAA6 /* YTVimeoVideo.m */ = {isa = PBXFileReference; fileEncoding = 4; lastKnownFileType = sourcecode.c.objc; path = YTVimeoVideo.m; sourceTree = "<group>"; };
		01AC345B1C1F21ED0015CAA6 /* YTVimeoExtractorOperationTestCase.m */ = {isa = PBXFileReference; fileEncoding = 4; lastKnownFileType = sourcecode.c.objc; path = YTVimeoExtractorOperationTestCase.m; sourceTree = "<group>"; };
		01AC345C1C1F21ED0015CAA6 /* YTVimeoExtractorTestCase.m */ = {isa = PBXFileReference; fileEncoding = 4; lastKnownFileType = sourcecode.c.objc; path = YTVimeoExtractorTestCase.m; sourceTree = "<group>"; };
		01AC345D1C1F21ED0015CAA6 /* YTVimeoURLParserTestCase.m */ = {isa = PBXFileReference; fileEncoding = 4; lastKnownFileType = sourcecode.c.objc; path = YTVimeoURLParserTestCase.m; sourceTree = "<group>"; };
		01AC345E1C1F21ED0015CAA6 /* YTVimeoVideoTestCase.m */ = {isa = PBXFileReference; fileEncoding = 4; lastKnownFileType = sourcecode.c.objc; path = YTVimeoVideoTestCase.m; sourceTree = "<group>"; };
		01AC34631C1F21F70015CAA6 /* testdata.json */ = {isa = PBXFileReference; fileEncoding = 4; lastKnownFileType = text.json; path = testdata.json; sourceTree = "<group>"; };
		01AC34651C1F22980015CAA6 /* testdata.plist */ = {isa = PBXFileReference; lastKnownFileType = file.bplist; path = testdata.plist; sourceTree = "<group>"; };
		AC0B406D1DF50DF1000723B6 /* YTVimeoExtractor.framework */ = {isa = PBXFileReference; explicitFileType = wrapper.framework; includeInIndex = 0; path = YTVimeoExtractor.framework; sourceTree = BUILT_PRODUCTS_DIR; };
		AC0B40751DF50E48000723B6 /* Info-tvOS.plist */ = {isa = PBXFileReference; fileEncoding = 4; lastKnownFileType = text.plist.xml; path = "Info-tvOS.plist"; sourceTree = "<group>"; };
		AC5730141DF48EBC006C5B33 /* YTVimeoExtractor.framework */ = {isa = PBXFileReference; explicitFileType = wrapper.framework; includeInIndex = 0; path = YTVimeoExtractor.framework; sourceTree = BUILT_PRODUCTS_DIR; };
		AC5730171DF48EBC006C5B33 /* Info-iOS.plist */ = {isa = PBXFileReference; lastKnownFileType = text.plist.xml; name = "Info-iOS.plist"; path = "YTVimeoExtractor/Info-iOS.plist"; sourceTree = SOURCE_ROOT; };
/* End PBXFileReference section */

/* Begin PBXFrameworksBuildPhase section */
		01AC342B1C1F21280015CAA6 /* Frameworks */ = {
			isa = PBXFrameworksBuildPhase;
			buildActionMask = 2147483647;
			files = (
			);
			runOnlyForDeploymentPostprocessing = 0;
		};
		01AC34361C1F21290015CAA6 /* Frameworks */ = {
			isa = PBXFrameworksBuildPhase;
			buildActionMask = 2147483647;
			files = (
				01AC343A1C1F21290015CAA6 /* YTVimeoExtractor.framework in Frameworks */,
			);
			runOnlyForDeploymentPostprocessing = 0;
		};
		AC0B40691DF50DF1000723B6 /* Frameworks */ = {
			isa = PBXFrameworksBuildPhase;
			buildActionMask = 2147483647;
			files = (
			);
			runOnlyForDeploymentPostprocessing = 0;
		};
		AC5730101DF48EBC006C5B33 /* Frameworks */ = {
			isa = PBXFrameworksBuildPhase;
			buildActionMask = 2147483647;
			files = (
			);
			runOnlyForDeploymentPostprocessing = 0;
		};
/* End PBXFrameworksBuildPhase section */

/* Begin PBXGroup section */
		01AC34251C1F21280015CAA6 = {
			isa = PBXGroup;
			children = (
				01AC34311C1F21280015CAA6 /* YTVimeoExtractor */,
				01AC343D1C1F21290015CAA6 /* YTVimeoExtractorTests */,
				01AC34301C1F21280015CAA6 /* Products */,
			);
			sourceTree = "<group>";
		};
		01AC34301C1F21280015CAA6 /* Products */ = {
			isa = PBXGroup;
			children = (
				01AC342F1C1F21280015CAA6 /* YTVimeoExtractor.framework */,
				01AC34391C1F21290015CAA6 /* YTVimeoExtractorTests.xctest */,
				AC5730141DF48EBC006C5B33 /* YTVimeoExtractor.framework */,
				AC0B406D1DF50DF1000723B6 /* YTVimeoExtractor.framework */,
			);
			name = Products;
			sourceTree = "<group>";
		};
		01AC34311C1F21280015CAA6 /* YTVimeoExtractor */ = {
			isa = PBXGroup;
			children = (
				01AC34491C1F21750015CAA6 /* YTVimeoError.h */,
				01AC344A1C1F21750015CAA6 /* YTVimeoExtractor.h */,
				01AC344B1C1F21750015CAA6 /* YTVimeoExtractor.m */,
				01AC344C1C1F21750015CAA6 /* YTVimeoExtractorOperation.h */,
				01AC344D1C1F21750015CAA6 /* YTVimeoExtractorOperation.m */,
				01AC344E1C1F21750015CAA6 /* YTVimeoURLParser.h */,
				01AC344F1C1F21750015CAA6 /* YTVimeoURLParser.m */,
				01AC34501C1F21750015CAA6 /* YTVimeoVideo.h */,
				01AC34511C1F21750015CAA6 /* YTVimeoVideo.m */,
				019F950F1C984EF400E2A405 /* YTVimeoVideo+Private.h */,
				01AC34341C1F21290015CAA6 /* Info.plist */,
				AC5730171DF48EBC006C5B33 /* Info-iOS.plist */,
				AC0B40751DF50E48000723B6 /* Info-tvOS.plist */,
			);
			path = YTVimeoExtractor;
			sourceTree = "<group>";
		};
		01AC343D1C1F21290015CAA6 /* YTVimeoExtractorTests */ = {
			isa = PBXGroup;
			children = (
				01AC34631C1F21F70015CAA6 /* testdata.json */,
				01AC34651C1F22980015CAA6 /* testdata.plist */,
				01AC345B1C1F21ED0015CAA6 /* YTVimeoExtractorOperationTestCase.m */,
				01AC345C1C1F21ED0015CAA6 /* YTVimeoExtractorTestCase.m */,
				01AC345D1C1F21ED0015CAA6 /* YTVimeoURLParserTestCase.m */,
				01AC345E1C1F21ED0015CAA6 /* YTVimeoVideoTestCase.m */,
				01AC34401C1F21290015CAA6 /* Info.plist */,
			);
			path = YTVimeoExtractorTests;
			sourceTree = "<group>";
		};
/* End PBXGroup section */

/* Begin PBXHeadersBuildPhase section */
		01AC342C1C1F21280015CAA6 /* Headers */ = {
			isa = PBXHeadersBuildPhase;
			buildActionMask = 2147483647;
			files = (
				01AC34521C1F21750015CAA6 /* YTVimeoError.h in Headers */,
				01AC34571C1F21750015CAA6 /* YTVimeoURLParser.h in Headers */,
				01AC34531C1F21750015CAA6 /* YTVimeoExtractor.h in Headers */,
				01AC34551C1F21750015CAA6 /* YTVimeoExtractorOperation.h in Headers */,
				019F95101C984EF400E2A405 /* YTVimeoVideo+Private.h in Headers */,
				01AC34591C1F21750015CAA6 /* YTVimeoVideo.h in Headers */,
			);
			runOnlyForDeploymentPostprocessing = 0;
		};
		AC0B406A1DF50DF1000723B6 /* Headers */ = {
			isa = PBXHeadersBuildPhase;
			buildActionMask = 2147483647;
			files = (
				AC0B40771DF50F19000723B6 /* YTVimeoError.h in Headers */,
				AC0B40781DF50F19000723B6 /* YTVimeoExtractor.h in Headers */,
				AC0B40791DF50F19000723B6 /* YTVimeoExtractorOperation.h in Headers */,
				AC0B407A1DF50F19000723B6 /* YTVimeoURLParser.h in Headers */,
				AC0B407B1DF50F19000723B6 /* YTVimeoVideo.h in Headers */,
				AC0B407C1DF50F19000723B6 /* YTVimeoVideo+Private.h in Headers */,
			);
			runOnlyForDeploymentPostprocessing = 0;
		};
		AC5730111DF48EBC006C5B33 /* Headers */ = {
			isa = PBXHeadersBuildPhase;
			buildActionMask = 2147483647;
			files = (
				AC57301D1DF491B6006C5B33 /* YTVimeoError.h in Headers */,
				AC57301E1DF491B6006C5B33 /* YTVimeoExtractor.h in Headers */,
				AC57301F1DF491B6006C5B33 /* YTVimeoExtractorOperation.h in Headers */,
				AC5730201DF491B6006C5B33 /* YTVimeoURLParser.h in Headers */,
				AC5730211DF491B6006C5B33 /* YTVimeoVideo.h in Headers */,
				AC57301C1DF491A5006C5B33 /* YTVimeoVideo+Private.h in Headers */,
			);
			runOnlyForDeploymentPostprocessing = 0;
		};
/* End PBXHeadersBuildPhase section */

/* Begin PBXNativeTarget section */
		01AC342E1C1F21280015CAA6 /* YTVimeoExtractor */ = {
			isa = PBXNativeTarget;
			buildConfigurationList = 01AC34431C1F21290015CAA6 /* Build configuration list for PBXNativeTarget "YTVimeoExtractor" */;
			buildPhases = (
				01AC342A1C1F21280015CAA6 /* Sources */,
				01AC342B1C1F21280015CAA6 /* Frameworks */,
				01AC342C1C1F21280015CAA6 /* Headers */,
				01AC342D1C1F21280015CAA6 /* Resources */,
			);
			buildRules = (
			);
			dependencies = (
			);
			name = YTVimeoExtractor;
			productName = YTVimeoExtractor;
			productReference = 01AC342F1C1F21280015CAA6 /* YTVimeoExtractor.framework */;
			productType = "com.apple.product-type.framework";
		};
		01AC34381C1F21290015CAA6 /* YTVimeoExtractorTests */ = {
			isa = PBXNativeTarget;
			buildConfigurationList = 01AC34461C1F21290015CAA6 /* Build configuration list for PBXNativeTarget "YTVimeoExtractorTests" */;
			buildPhases = (
				01AC34351C1F21290015CAA6 /* Sources */,
				01AC34361C1F21290015CAA6 /* Frameworks */,
				01AC34371C1F21290015CAA6 /* Resources */,
			);
			buildRules = (
			);
			dependencies = (
				01AC343C1C1F21290015CAA6 /* PBXTargetDependency */,
			);
			name = YTVimeoExtractorTests;
			productName = YTVimeoExtractorTests;
			productReference = 01AC34391C1F21290015CAA6 /* YTVimeoExtractorTests.xctest */;
			productType = "com.apple.product-type.bundle.unit-test";
		};
		AC0B406C1DF50DF1000723B6 /* YTVimeoExtractor tvOS */ = {
			isa = PBXNativeTarget;
			buildConfigurationList = AC0B40741DF50DF1000723B6 /* Build configuration list for PBXNativeTarget "YTVimeoExtractor tvOS" */;
			buildPhases = (
				AC0B40681DF50DF1000723B6 /* Sources */,
				AC0B40691DF50DF1000723B6 /* Frameworks */,
				AC0B406A1DF50DF1000723B6 /* Headers */,
				AC0B406B1DF50DF1000723B6 /* Resources */,
			);
			buildRules = (
			);
			dependencies = (
			);
			name = "YTVimeoExtractor tvOS";
			productName = "YTVimeoExtractor-tvos";
			productReference = AC0B406D1DF50DF1000723B6 /* YTVimeoExtractor.framework */;
			productType = "com.apple.product-type.framework";
		};
		AC5730131DF48EBC006C5B33 /* YTVimeoExtractor iOS */ = {
			isa = PBXNativeTarget;
			buildConfigurationList = AC57301B1DF48EBC006C5B33 /* Build configuration list for PBXNativeTarget "YTVimeoExtractor iOS" */;
			buildPhases = (
				AC57300F1DF48EBC006C5B33 /* Sources */,
				AC5730101DF48EBC006C5B33 /* Frameworks */,
				AC5730111DF48EBC006C5B33 /* Headers */,
				AC5730121DF48EBC006C5B33 /* Resources */,
			);
			buildRules = (
			);
			dependencies = (
			);
			name = "YTVimeoExtractor iOS";
			productName = YTVimeoExtractorIOS;
			productReference = AC5730141DF48EBC006C5B33 /* YTVimeoExtractor.framework */;
			productType = "com.apple.product-type.framework";
		};
/* End PBXNativeTarget section */

/* Begin PBXProject section */
		01AC34261C1F21280015CAA6 /* Project object */ = {
			isa = PBXProject;
			attributes = {
				LastUpgradeCheck = 0720;
				ORGANIZATIONNAME = "Louis Larpin";
				TargetAttributes = {
					01AC342E1C1F21280015CAA6 = {
						CreatedOnToolsVersion = 7.2;
					};
					01AC34381C1F21290015CAA6 = {
						CreatedOnToolsVersion = 7.2;
					};
					AC0B406C1DF50DF1000723B6 = {
						CreatedOnToolsVersion = 8.1;
						ProvisioningStyle = Automatic;
					};
					AC5730131DF48EBC006C5B33 = {
						CreatedOnToolsVersion = 8.1;
						ProvisioningStyle = Automatic;
					};
				};
			};
			buildConfigurationList = 01AC34291C1F21280015CAA6 /* Build configuration list for PBXProject "YTVimeoExtractor" */;
			compatibilityVersion = "Xcode 3.2";
			developmentRegion = English;
			hasScannedForEncodings = 0;
			knownRegions = (
				en,
			);
			mainGroup = 01AC34251C1F21280015CAA6;
			productRefGroup = 01AC34301C1F21280015CAA6 /* Products */;
			projectDirPath = "";
			projectRoot = "";
			targets = (
				01AC342E1C1F21280015CAA6 /* YTVimeoExtractor */,
				AC5730131DF48EBC006C5B33 /* YTVimeoExtractor iOS */,
				AC0B406C1DF50DF1000723B6 /* YTVimeoExtractor tvOS */,
				01AC34381C1F21290015CAA6 /* YTVimeoExtractorTests */,
			);
		};
/* End PBXProject section */

/* Begin PBXResourcesBuildPhase section */
		01AC342D1C1F21280015CAA6 /* Resources */ = {
			isa = PBXResourcesBuildPhase;
			buildActionMask = 2147483647;
			files = (
			);
			runOnlyForDeploymentPostprocessing = 0;
		};
		01AC34371C1F21290015CAA6 /* Resources */ = {
			isa = PBXResourcesBuildPhase;
			buildActionMask = 2147483647;
			files = (
				01AC34661C1F22980015CAA6 /* testdata.plist in Resources */,
				01AC34641C1F21F70015CAA6 /* testdata.json in Resources */,
			);
			runOnlyForDeploymentPostprocessing = 0;
		};
		AC0B406B1DF50DF1000723B6 /* Resources */ = {
			isa = PBXResourcesBuildPhase;
			buildActionMask = 2147483647;
			files = (
			);
			runOnlyForDeploymentPostprocessing = 0;
		};
		AC5730121DF48EBC006C5B33 /* Resources */ = {
			isa = PBXResourcesBuildPhase;
			buildActionMask = 2147483647;
			files = (
			);
			runOnlyForDeploymentPostprocessing = 0;
		};
/* End PBXResourcesBuildPhase section */

/* Begin PBXSourcesBuildPhase section */
		01AC342A1C1F21280015CAA6 /* Sources */ = {
			isa = PBXSourcesBuildPhase;
			buildActionMask = 2147483647;
			files = (
				01AC34581C1F21750015CAA6 /* YTVimeoURLParser.m in Sources */,
				01AC345A1C1F21750015CAA6 /* YTVimeoVideo.m in Sources */,
				01AC34561C1F21750015CAA6 /* YTVimeoExtractorOperation.m in Sources */,
				01AC34541C1F21750015CAA6 /* YTVimeoExtractor.m in Sources */,
			);
			runOnlyForDeploymentPostprocessing = 0;
		};
		01AC34351C1F21290015CAA6 /* Sources */ = {
			isa = PBXSourcesBuildPhase;
			buildActionMask = 2147483647;
			files = (
				01AC34601C1F21ED0015CAA6 /* YTVimeoExtractorTestCase.m in Sources */,
				01AC34621C1F21ED0015CAA6 /* YTVimeoVideoTestCase.m in Sources */,
				01AC34611C1F21ED0015CAA6 /* YTVimeoURLParserTestCase.m in Sources */,
				01AC345F1C1F21ED0015CAA6 /* YTVimeoExtractorOperationTestCase.m in Sources */,
			);
			runOnlyForDeploymentPostprocessing = 0;
		};
		AC0B40681DF50DF1000723B6 /* Sources */ = {
			isa = PBXSourcesBuildPhase;
			buildActionMask = 2147483647;
			files = (
				AC0B407F1DF50F36000723B6 /* YTVimeoURLParser.m in Sources */,
				AC0B40801DF50F36000723B6 /* YTVimeoVideo.m in Sources */,
				AC0B407E1DF50F36000723B6 /* YTVimeoExtractorOperation.m in Sources */,
				AC0B407D1DF50F2F000723B6 /* YTVimeoExtractor.m in Sources */,
			);
			runOnlyForDeploymentPostprocessing = 0;
		};
		AC57300F1DF48EBC006C5B33 /* Sources */ = {
			isa = PBXSourcesBuildPhase;
			buildActionMask = 2147483647;
			files = (
				AC5730241DF491D4006C5B33 /* YTVimeoURLParser.m in Sources */,
				AC5730251DF491D8006C5B33 /* YTVimeoVideo.m in Sources */,
				AC5730231DF491D1006C5B33 /* YTVimeoExtractorOperation.m in Sources */,
				AC5730221DF491CE006C5B33 /* YTVimeoExtractor.m in Sources */,
			);
			runOnlyForDeploymentPostprocessing = 0;
		};
/* End PBXSourcesBuildPhase section */

/* Begin PBXTargetDependency section */
		01AC343C1C1F21290015CAA6 /* PBXTargetDependency */ = {
			isa = PBXTargetDependency;
			target = 01AC342E1C1F21280015CAA6 /* YTVimeoExtractor */;
			targetProxy = 01AC343B1C1F21290015CAA6 /* PBXContainerItemProxy */;
		};
/* End PBXTargetDependency section */

/* Begin XCBuildConfiguration section */
		01AC34411C1F21290015CAA6 /* Debug */ = {
			isa = XCBuildConfiguration;
			buildSettings = {
				ALWAYS_SEARCH_USER_PATHS = NO;
				CLANG_CXX_LANGUAGE_STANDARD = "gnu++0x";
				CLANG_CXX_LIBRARY = "libc++";
				CLANG_ENABLE_MODULES = YES;
				CLANG_ENABLE_OBJC_ARC = YES;
				CLANG_WARN_BOOL_CONVERSION = YES;
				CLANG_WARN_CONSTANT_CONVERSION = YES;
				CLANG_WARN_DIRECT_OBJC_ISA_USAGE = YES_ERROR;
				CLANG_WARN_EMPTY_BODY = YES;
				CLANG_WARN_ENUM_CONVERSION = YES;
				CLANG_WARN_INT_CONVERSION = YES;
				CLANG_WARN_OBJC_ROOT_CLASS = YES_ERROR;
				CLANG_WARN_UNREACHABLE_CODE = YES;
				CLANG_WARN__DUPLICATE_METHOD_MATCH = YES;
				CODE_SIGN_IDENTITY = "-";
				COPY_PHASE_STRIP = NO;
				CURRENT_PROJECT_VERSION = 1;
				DEBUG_INFORMATION_FORMAT = dwarf;
				ENABLE_STRICT_OBJC_MSGSEND = YES;
				ENABLE_TESTABILITY = YES;
				GCC_C_LANGUAGE_STANDARD = gnu99;
				GCC_DYNAMIC_NO_PIC = NO;
				GCC_NO_COMMON_BLOCKS = YES;
				GCC_OPTIMIZATION_LEVEL = 0;
				GCC_PREPROCESSOR_DEFINITIONS = (
					"DEBUG=1",
					"$(inherited)",
				);
				GCC_WARN_64_TO_32_BIT_CONVERSION = YES;
				GCC_WARN_ABOUT_RETURN_TYPE = YES_ERROR;
				GCC_WARN_UNDECLARED_SELECTOR = YES;
				GCC_WARN_UNINITIALIZED_AUTOS = YES_AGGRESSIVE;
				GCC_WARN_UNUSED_FUNCTION = YES;
				GCC_WARN_UNUSED_VARIABLE = YES;
				MACOSX_DEPLOYMENT_TARGET = 10.11;
				MTL_ENABLE_DEBUG_INFO = YES;
				ONLY_ACTIVE_ARCH = YES;
				SDKROOT = macosx;
				VERSIONING_SYSTEM = "apple-generic";
				VERSION_INFO_PREFIX = "";
			};
			name = Debug;
		};
		01AC34421C1F21290015CAA6 /* Release */ = {
			isa = XCBuildConfiguration;
			buildSettings = {
				ALWAYS_SEARCH_USER_PATHS = NO;
				CLANG_CXX_LANGUAGE_STANDARD = "gnu++0x";
				CLANG_CXX_LIBRARY = "libc++";
				CLANG_ENABLE_MODULES = YES;
				CLANG_ENABLE_OBJC_ARC = YES;
				CLANG_WARN_BOOL_CONVERSION = YES;
				CLANG_WARN_CONSTANT_CONVERSION = YES;
				CLANG_WARN_DIRECT_OBJC_ISA_USAGE = YES_ERROR;
				CLANG_WARN_EMPTY_BODY = YES;
				CLANG_WARN_ENUM_CONVERSION = YES;
				CLANG_WARN_INT_CONVERSION = YES;
				CLANG_WARN_OBJC_ROOT_CLASS = YES_ERROR;
				CLANG_WARN_UNREACHABLE_CODE = YES;
				CLANG_WARN__DUPLICATE_METHOD_MATCH = YES;
				CODE_SIGN_IDENTITY = "-";
				COPY_PHASE_STRIP = NO;
				CURRENT_PROJECT_VERSION = 1;
				DEBUG_INFORMATION_FORMAT = "dwarf-with-dsym";
				ENABLE_NS_ASSERTIONS = NO;
				ENABLE_STRICT_OBJC_MSGSEND = YES;
				GCC_C_LANGUAGE_STANDARD = gnu99;
				GCC_NO_COMMON_BLOCKS = YES;
				GCC_WARN_64_TO_32_BIT_CONVERSION = YES;
				GCC_WARN_ABOUT_RETURN_TYPE = YES_ERROR;
				GCC_WARN_UNDECLARED_SELECTOR = YES;
				GCC_WARN_UNINITIALIZED_AUTOS = YES_AGGRESSIVE;
				GCC_WARN_UNUSED_FUNCTION = YES;
				GCC_WARN_UNUSED_VARIABLE = YES;
				MACOSX_DEPLOYMENT_TARGET = 10.11;
				MTL_ENABLE_DEBUG_INFO = NO;
				SDKROOT = macosx;
				VERSIONING_SYSTEM = "apple-generic";
				VERSION_INFO_PREFIX = "";
			};
			name = Release;
		};
		01AC34441C1F21290015CAA6 /* Debug */ = {
			isa = XCBuildConfiguration;
			buildSettings = {
				COMBINE_HIDPI_IMAGES = YES;
				DEFINES_MODULE = YES;
				DYLIB_COMPATIBILITY_VERSION = 1;
				DYLIB_CURRENT_VERSION = 1;
				DYLIB_INSTALL_NAME_BASE = "@rpath";
				FRAMEWORK_VERSION = A;
				INFOPLIST_FILE = YTVimeoExtractor/Info.plist;
				INSTALL_PATH = "$(LOCAL_LIBRARY_DIR)/Frameworks";
				LD_RUNPATH_SEARCH_PATHS = "$(inherited) @executable_path/../Frameworks @loader_path/Frameworks";
				MACOSX_DEPLOYMENT_TARGET = 10.9;
				PRODUCT_BUNDLE_IDENTIFIER = com.louis.larpin.YTVimeoExtractor;
				PRODUCT_NAME = "$(TARGET_NAME)";
				SKIP_INSTALL = YES;
			};
			name = Debug;
		};
		01AC34451C1F21290015CAA6 /* Release */ = {
			isa = XCBuildConfiguration;
			buildSettings = {
				COMBINE_HIDPI_IMAGES = YES;
				DEFINES_MODULE = YES;
				DYLIB_COMPATIBILITY_VERSION = 1;
				DYLIB_CURRENT_VERSION = 1;
				DYLIB_INSTALL_NAME_BASE = "@rpath";
				FRAMEWORK_VERSION = A;
				INFOPLIST_FILE = YTVimeoExtractor/Info.plist;
				INSTALL_PATH = "$(LOCAL_LIBRARY_DIR)/Frameworks";
				LD_RUNPATH_SEARCH_PATHS = "$(inherited) @executable_path/../Frameworks @loader_path/Frameworks";
				MACOSX_DEPLOYMENT_TARGET = 10.9;
				PRODUCT_BUNDLE_IDENTIFIER = com.louis.larpin.YTVimeoExtractor;
				PRODUCT_NAME = "$(TARGET_NAME)";
				SKIP_INSTALL = YES;
			};
			name = Release;
		};
		01AC34471C1F21290015CAA6 /* Debug */ = {
			isa = XCBuildConfiguration;
			buildSettings = {
				COMBINE_HIDPI_IMAGES = YES;
				INFOPLIST_FILE = YTVimeoExtractorTests/Info.plist;
				LD_RUNPATH_SEARCH_PATHS = "$(inherited) @executable_path/../Frameworks @loader_path/../Frameworks";
				PRODUCT_BUNDLE_IDENTIFIER = com.louis.larpin.YTVimeoExtractorTests;
				PRODUCT_NAME = "$(TARGET_NAME)";
			};
			name = Debug;
		};
		01AC34481C1F21290015CAA6 /* Release */ = {
			isa = XCBuildConfiguration;
			buildSettings = {
				COMBINE_HIDPI_IMAGES = YES;
				INFOPLIST_FILE = YTVimeoExtractorTests/Info.plist;
				LD_RUNPATH_SEARCH_PATHS = "$(inherited) @executable_path/../Frameworks @loader_path/../Frameworks";
				PRODUCT_BUNDLE_IDENTIFIER = com.louis.larpin.YTVimeoExtractorTests;
				PRODUCT_NAME = "$(TARGET_NAME)";
			};
			name = Release;
		};
		AC0B40721DF50DF1000723B6 /* Debug */ = {
			isa = XCBuildConfiguration;
			buildSettings = {
				CLANG_ANALYZER_NONNULL = YES;
				CLANG_WARN_DOCUMENTATION_COMMENTS = YES;
				CLANG_WARN_INFINITE_RECURSION = YES;
				CLANG_WARN_SUSPICIOUS_MOVES = YES;
				CODE_SIGN_IDENTITY = "";
				DEFINES_MODULE = YES;
				DYLIB_COMPATIBILITY_VERSION = 1;
				DYLIB_CURRENT_VERSION = 1;
				DYLIB_INSTALL_NAME_BASE = "@rpath";
				INFOPLIST_FILE = "$(SRCROOT)/YTVimeoExtractor/Info-tvOS.plist";
				INSTALL_PATH = "$(LOCAL_LIBRARY_DIR)/Frameworks";
				IPHONEOS_DEPLOYMENT_TARGET = 8.4;
				LD_RUNPATH_SEARCH_PATHS = "$(inherited) @executable_path/Frameworks @loader_path/Frameworks";
				MACOSX_DEPLOYMENT_TARGET = 10.9;
				PRODUCT_BUNDLE_IDENTIFIER = com.louis.larpin.YTVimeoExtractor;
				PRODUCT_NAME = YTVimeoExtractor;
				SDKROOT = appletvos;
				SKIP_INSTALL = YES;
				TARGETED_DEVICE_FAMILY = 3;
				TVOS_DEPLOYMENT_TARGET = 9.0;
			};
			name = Debug;
		};
		AC0B40731DF50DF1000723B6 /* Release */ = {
			isa = XCBuildConfiguration;
			buildSettings = {
				CLANG_ANALYZER_NONNULL = YES;
				CLANG_WARN_DOCUMENTATION_COMMENTS = YES;
				CLANG_WARN_INFINITE_RECURSION = YES;
				CLANG_WARN_SUSPICIOUS_MOVES = YES;
				CODE_SIGN_IDENTITY = "";
				DEFINES_MODULE = YES;
				DYLIB_COMPATIBILITY_VERSION = 1;
				DYLIB_CURRENT_VERSION = 1;
				DYLIB_INSTALL_NAME_BASE = "@rpath";
				INFOPLIST_FILE = "$(SRCROOT)/YTVimeoExtractor/Info-tvOS.plist";
				INSTALL_PATH = "$(LOCAL_LIBRARY_DIR)/Frameworks";
				IPHONEOS_DEPLOYMENT_TARGET = 8.4;
				LD_RUNPATH_SEARCH_PATHS = "$(inherited) @executable_path/Frameworks @loader_path/Frameworks";
				MACOSX_DEPLOYMENT_TARGET = 10.9;
				PRODUCT_BUNDLE_IDENTIFIER = com.louis.larpin.YTVimeoExtractor;
				PRODUCT_NAME = YTVimeoExtractor;
				SDKROOT = appletvos;
				SKIP_INSTALL = YES;
				TARGETED_DEVICE_FAMILY = 3;
				TVOS_DEPLOYMENT_TARGET = 9.0;
				VALIDATE_PRODUCT = YES;
			};
			name = Release;
		};
		AC5730191DF48EBC006C5B33 /* Debug */ = {
			isa = XCBuildConfiguration;
			buildSettings = {
				CLANG_ANALYZER_NONNULL = YES;
				CLANG_WARN_DOCUMENTATION_COMMENTS = YES;
				CLANG_WARN_INFINITE_RECURSION = YES;
				CLANG_WARN_SUSPICIOUS_MOVES = YES;
				CODE_SIGN_IDENTITY = "";
				"CODE_SIGN_IDENTITY[sdk=iphoneos*]" = "iPhone Developer";
				DEFINES_MODULE = YES;
				DYLIB_COMPATIBILITY_VERSION = 1;
				DYLIB_CURRENT_VERSION = 1;
				DYLIB_INSTALL_NAME_BASE = "@rpath";
				INFOPLIST_FILE = "$(SRCROOT)/YTVimeoExtractor/Info-iOS.plist";
				INSTALL_PATH = "$(LOCAL_LIBRARY_DIR)/Frameworks";
				IPHONEOS_DEPLOYMENT_TARGET = 8.4;
				LD_RUNPATH_SEARCH_PATHS = "$(inherited) @executable_path/Frameworks @loader_path/Frameworks";
				MACOSX_DEPLOYMENT_TARGET = 10.9;
				PRODUCT_BUNDLE_IDENTIFIER = com.louis.larpin.YTVimeoExtractor;
				PRODUCT_NAME = YTVimeoExtractor;
				SDKROOT = iphoneos;
				SKIP_INSTALL = YES;
				TARGETED_DEVICE_FAMILY = "1,2";
			};
			name = Debug;
		};
		AC57301A1DF48EBC006C5B33 /* Release */ = {
			isa = XCBuildConfiguration;
			buildSettings = {
				CLANG_ANALYZER_NONNULL = YES;
				CLANG_WARN_DOCUMENTATION_COMMENTS = YES;
				CLANG_WARN_INFINITE_RECURSION = YES;
				CLANG_WARN_SUSPICIOUS_MOVES = YES;
				CODE_SIGN_IDENTITY = "";
				"CODE_SIGN_IDENTITY[sdk=iphoneos*]" = "iPhone Developer";
				DEFINES_MODULE = YES;
				DYLIB_COMPATIBILITY_VERSION = 1;
				DYLIB_CURRENT_VERSION = 1;
				DYLIB_INSTALL_NAME_BASE = "@rpath";
				INFOPLIST_FILE = "$(SRCROOT)/YTVimeoExtractor/Info-iOS.plist";
				INSTALL_PATH = "$(LOCAL_LIBRARY_DIR)/Frameworks";
				IPHONEOS_DEPLOYMENT_TARGET = 8.4;
				LD_RUNPATH_SEARCH_PATHS = "$(inherited) @executable_path/Frameworks @loader_path/Frameworks";
				MACOSX_DEPLOYMENT_TARGET = 10.9;
				PRODUCT_BUNDLE_IDENTIFIER = com.louis.larpin.YTVimeoExtractor;
				PRODUCT_NAME = YTVimeoExtractor;
				SDKROOT = iphoneos;
				SKIP_INSTALL = YES;
				TARGETED_DEVICE_FAMILY = "1,2";
				VALIDATE_PRODUCT = YES;
			};
			name = Release;
		};
/* End XCBuildConfiguration section */

/* Begin XCConfigurationList section */
		01AC34291C1F21280015CAA6 /* Build configuration list for PBXProject "YTVimeoExtractor" */ = {
			isa = XCConfigurationList;
			buildConfigurations = (
				01AC34411C1F21290015CAA6 /* Debug */,
				01AC34421C1F21290015CAA6 /* Release */,
			);
			defaultConfigurationIsVisible = 0;
			defaultConfigurationName = Release;
		};
		01AC34431C1F21290015CAA6 /* Build configuration list for PBXNativeTarget "YTVimeoExtractor" */ = {
			isa = XCConfigurationList;
			buildConfigurations = (
				01AC34441C1F21290015CAA6 /* Debug */,
				01AC34451C1F21290015CAA6 /* Release */,
			);
			defaultConfigurationIsVisible = 0;
			defaultConfigurationName = Release;
		};
		01AC34461C1F21290015CAA6 /* Build configuration list for PBXNativeTarget "YTVimeoExtractorTests" */ = {
			isa = XCConfigurationList;
			buildConfigurations = (
				01AC34471C1F21290015CAA6 /* Debug */,
				01AC34481C1F21290015CAA6 /* Release */,
			);
			defaultConfigurationIsVisible = 0;
			defaultConfigurationName = Release;
		};
		AC0B40741DF50DF1000723B6 /* Build configuration list for PBXNativeTarget "YTVimeoExtractor tvOS" */ = {
			isa = XCConfigurationList;
			buildConfigurations = (
				AC0B40721DF50DF1000723B6 /* Debug */,
				AC0B40731DF50DF1000723B6 /* Release */,
			);
			defaultConfigurationIsVisible = 0;
		};
		AC57301B1DF48EBC006C5B33 /* Build configuration list for PBXNativeTarget "YTVimeoExtractor iOS" */ = {
			isa = XCConfigurationList;
			buildConfigurations = (
				AC5730191DF48EBC006C5B33 /* Debug */,
				AC57301A1DF48EBC006C5B33 /* Release */,
			);
			defaultConfigurationIsVisible = 0;
			defaultConfigurationName = Release;
		};
/* End XCConfigurationList section */
	};
	rootObject = 01AC34261C1F21280015CAA6 /* Project object */;
}
